
Microsoft Visual Studio Solution File, Format Version 12.00
# Visual Studio Version 16
VisualStudioVersion = 16.0.30104.148
MinimumVisualStudioVersion = 10.0.40219.1
Project("{9A19103F-16F7-4668-BE54-9A1E7A4F7556}") = "EnergyBidding.Server", "EnergyBidding\Server\EnergyBidding.Server.csproj", "{3F975FEE-0EB2-4832-8647-8622A9D08D50}"
EndProject
Project("{9A19103F-16F7-4668-BE54-9A1E7A4F7556}") = "EnergyBidding.Shared", "EnergyBidding\Shared\EnergyBidding.Shared.csproj", "{43D78A94-C1ED-49E8-BD0F-79A727920B02}"
EndProject
Project("{2150E333-8FDC-42A3-9474-1A3956D46DE8}") = "Core", "Core", "{4F572B2E-ECEB-4B1A-B8EF-7C9DAB614DCA}"
EndProject
Project("{2150E333-8FDC-42A3-9474-1A3956D46DE8}") = "Backend", "Backend", "{8D450C25-667A-4058-8FAA-D7468B309A17}"
EndProject
Project("{2150E333-8FDC-42A3-9474-1A3956D46DE8}") = "Frontend", "Frontend", "{14089CDE-BF4A-48E7-9346-927128132978}"
EndProject
Project("{2150E333-8FDC-42A3-9474-1A3956D46DE8}") = "Application", "Application", "{302E5395-B719-47DD-AE49-B696F39E7967}"
EndProject
Project("{9A19103F-16F7-4668-BE54-9A1E7A4F7556}") = "DatabaseModelling", "UserDatabaseModelling\DatabaseModelling.csproj", "{22B89B31-68B0-48AC-BB98-A215E2D6B7AE}"
EndProject
Project("{2150E333-8FDC-42A3-9474-1A3956D46DE8}") = "BusinessLogic", "BusinessLogic", "{FD2CF057-FD93-4D5C-A322-82859C9E9CFD}"
EndProject
Project("{2150E333-8FDC-42A3-9474-1A3956D46DE8}") = "UI", "UI", "{7EA0B506-CFE4-4C45-8DC0-72D3A5CCF0A6}"
EndProject
Project("{9A19103F-16F7-4668-BE54-9A1E7A4F7556}") = "ModelsInterfaces", "ModelsInterfaces\ModelsInterfaces.csproj", "{320EBB26-2866-4CFB-97CD-4CE997812A27}"
EndProject
Project("{9A19103F-16F7-4668-BE54-9A1E7A4F7556}") = "Interfaces", "Interfaces\Interfaces.csproj", "{E568CA28-997E-4F05-90D8-45178A2A1119}"
EndProject
Project("{2150E333-8FDC-42A3-9474-1A3956D46DE8}") = "Domain", "Domain", "{2B69A6FF-FF0F-40F1-AF80-B502F9513507}"
EndProject
Project("{2150E333-8FDC-42A3-9474-1A3956D46DE8}") = "BusinessLogic", "BusinessLogic", "{920DF124-E00E-40CD-BE9B-C6FB21297A6A}"
EndProject
Project("{2150E333-8FDC-42A3-9474-1A3956D46DE8}") = "Api", "Api", "{3F1A2EC0-C3E3-481D-B6A8-73B279A3F5C0}"
EndProject
Project("{9A19103F-16F7-4668-BE54-9A1E7A4F7556}") = "ApiGateway.BusinessLogic", "ApiGateway.BusinessLogic\ApiGateway.BusinessLogic.csproj", "{CA8D4F6C-37E9-4776-9292-0FF9FA8DB7DF}"
EndProject
Project("{9A19103F-16F7-4668-BE54-9A1E7A4F7556}") = "BlazorBusinessLogic", "BlazorBisnesLayer\BlazorBusinessLogic.csproj", "{606CC5AA-03E5-4151-B72E-FA2CCC96763D}"
EndProject
Project("{9A19103F-16F7-4668-BE54-9A1E7A4F7556}") = "Functions", "Functions\Functions.csproj", "{731B9284-C860-4C2E-9C7A-133E1CE74D2B}"
EndProject
Project("{9A19103F-16F7-4668-BE54-9A1E7A4F7556}") = "CalenderPlayground", "CalenderPlayground\CalenderPlayground.csproj", "{781080A8-09BD-448E-96FA-4E392129C8F3}"
EndProject
Project("{2150E333-8FDC-42A3-9474-1A3956D46DE8}") = "UnitTest", "UnitTest", "{0E46323A-E30E-40AE-AF92-8E258B33DA02}"
EndProject
Project("{9A19103F-16F7-4668-BE54-9A1E7A4F7556}") = "BiddingTestX", "BiddingTestX\BiddingTestX.csproj", "{6A64C2B4-2135-4959-A9BE-CAF9873C5672}"
EndProject
Project("{9A19103F-16F7-4668-BE54-9A1E7A4F7556}") = "IntergrationsTestX", "IntergrationsTestX\IntergrationsTestX.csproj", "{F4102FF6-46B3-4D4D-922E-C2ADD6F23990}"
EndProject
Project("{9A19103F-16F7-4668-BE54-9A1E7A4F7556}") = "EnergiNetBiddig2", "EnergiNetBiddig2\EnergiNetBiddig2.csproj", "{D2C78BC8-98E5-4BB9-8464-50B754932EFF}"
EndProject
Project("{9A19103F-16F7-4668-BE54-9A1E7A4F7556}") = "Grid", "Grid\Grid.csproj", "{F7F7175F-1E90-4D74-A9DE-CE9C39BFDFC9}"
EndProject
Project("{9A19103F-16F7-4668-BE54-9A1E7A4F7556}") = "FakeEnerginetAPI", "FakeEnerginetAPI\FakeEnerginetAPI.csproj", "{B046ED85-5E83-4C62-9871-AA335F570652}"
EndProject
Project("{9A19103F-16F7-4668-BE54-9A1E7A4F7556}") = "EnerinetServicePotal", "EnerinetServicePotal\EnerinetServicePotal.csproj", "{7CAB955F-E2FA-40BA-9E58-BA3E3FF19649}"
EndProject
Project("{9A19103F-16F7-4668-BE54-9A1E7A4F7556}") = "BlazorBuisnessLogic.Net5", "..\BuisnessLogic.Net5\BlazorBuisnessLogic.Net5.csproj", "{4A7D058E-0798-4643-9EDA-D9D633BDA144}"
EndProject
Global
	GlobalSection(SolutionConfigurationPlatforms) = preSolution
		Debug|Any CPU = Debug|Any CPU
		Release|Any CPU = Release|Any CPU
	EndGlobalSection
	GlobalSection(ProjectConfigurationPlatforms) = postSolution
		{3F975FEE-0EB2-4832-8647-8622A9D08D50}.Debug|Any CPU.ActiveCfg = Debug|Any CPU
		{3F975FEE-0EB2-4832-8647-8622A9D08D50}.Debug|Any CPU.Build.0 = Debug|Any CPU
		{3F975FEE-0EB2-4832-8647-8622A9D08D50}.Release|Any CPU.ActiveCfg = Release|Any CPU
		{3F975FEE-0EB2-4832-8647-8622A9D08D50}.Release|Any CPU.Build.0 = Release|Any CPU
		{43D78A94-C1ED-49E8-BD0F-79A727920B02}.Debug|Any CPU.ActiveCfg = Debug|Any CPU
		{43D78A94-C1ED-49E8-BD0F-79A727920B02}.Debug|Any CPU.Build.0 = Debug|Any CPU
		{43D78A94-C1ED-49E8-BD0F-79A727920B02}.Release|Any CPU.ActiveCfg = Release|Any CPU
		{43D78A94-C1ED-49E8-BD0F-79A727920B02}.Release|Any CPU.Build.0 = Release|Any CPU
		{22B89B31-68B0-48AC-BB98-A215E2D6B7AE}.Debug|Any CPU.ActiveCfg = Debug|Any CPU
		{22B89B31-68B0-48AC-BB98-A215E2D6B7AE}.Debug|Any CPU.Build.0 = Debug|Any CPU
		{22B89B31-68B0-48AC-BB98-A215E2D6B7AE}.Release|Any CPU.ActiveCfg = Release|Any CPU
		{22B89B31-68B0-48AC-BB98-A215E2D6B7AE}.Release|Any CPU.Build.0 = Release|Any CPU
		{320EBB26-2866-4CFB-97CD-4CE997812A27}.Debug|Any CPU.ActiveCfg = Debug|Any CPU
		{320EBB26-2866-4CFB-97CD-4CE997812A27}.Debug|Any CPU.Build.0 = Debug|Any CPU
		{320EBB26-2866-4CFB-97CD-4CE997812A27}.Release|Any CPU.ActiveCfg = Release|Any CPU
		{320EBB26-2866-4CFB-97CD-4CE997812A27}.Release|Any CPU.Build.0 = Release|Any CPU
		{E568CA28-997E-4F05-90D8-45178A2A1119}.Debug|Any CPU.ActiveCfg = Debug|Any CPU
		{E568CA28-997E-4F05-90D8-45178A2A1119}.Debug|Any CPU.Build.0 = Debug|Any CPU
		{E568CA28-997E-4F05-90D8-45178A2A1119}.Release|Any CPU.ActiveCfg = Release|Any CPU
		{E568CA28-997E-4F05-90D8-45178A2A1119}.Release|Any CPU.Build.0 = Release|Any CPU
		{CA8D4F6C-37E9-4776-9292-0FF9FA8DB7DF}.Debug|Any CPU.ActiveCfg = Debug|Any CPU
		{CA8D4F6C-37E9-4776-9292-0FF9FA8DB7DF}.Debug|Any CPU.Build.0 = Debug|Any CPU
		{CA8D4F6C-37E9-4776-9292-0FF9FA8DB7DF}.Release|Any CPU.ActiveCfg = Release|Any CPU
		{CA8D4F6C-37E9-4776-9292-0FF9FA8DB7DF}.Release|Any CPU.Build.0 = Release|Any CPU
		{606CC5AA-03E5-4151-B72E-FA2CCC96763D}.Debug|Any CPU.ActiveCfg = Debug|Any CPU
		{606CC5AA-03E5-4151-B72E-FA2CCC96763D}.Debug|Any CPU.Build.0 = Debug|Any CPU
		{606CC5AA-03E5-4151-B72E-FA2CCC96763D}.Release|Any CPU.ActiveCfg = Release|Any CPU
		{606CC5AA-03E5-4151-B72E-FA2CCC96763D}.Release|Any CPU.Build.0 = Release|Any CPU
		{731B9284-C860-4C2E-9C7A-133E1CE74D2B}.Debug|Any CPU.ActiveCfg = Debug|Any CPU
		{731B9284-C860-4C2E-9C7A-133E1CE74D2B}.Debug|Any CPU.Build.0 = Debug|Any CPU
		{731B9284-C860-4C2E-9C7A-133E1CE74D2B}.Release|Any CPU.ActiveCfg = Release|Any CPU
		{731B9284-C860-4C2E-9C7A-133E1CE74D2B}.Release|Any CPU.Build.0 = Release|Any CPU
		{781080A8-09BD-448E-96FA-4E392129C8F3}.Debug|Any CPU.ActiveCfg = Debug|Any CPU
		{781080A8-09BD-448E-96FA-4E392129C8F3}.Debug|Any CPU.Build.0 = Debug|Any CPU
		{781080A8-09BD-448E-96FA-4E392129C8F3}.Release|Any CPU.ActiveCfg = Release|Any CPU
		{781080A8-09BD-448E-96FA-4E392129C8F3}.Release|Any CPU.Build.0 = Release|Any CPU
		{6A64C2B4-2135-4959-A9BE-CAF9873C5672}.Debug|Any CPU.ActiveCfg = Debug|Any CPU
		{6A64C2B4-2135-4959-A9BE-CAF9873C5672}.Debug|Any CPU.Build.0 = Debug|Any CPU
		{6A64C2B4-2135-4959-A9BE-CAF9873C5672}.Release|Any CPU.ActiveCfg = Release|Any CPU
		{6A64C2B4-2135-4959-A9BE-CAF9873C5672}.Release|Any CPU.Build.0 = Release|Any CPU
		{F4102FF6-46B3-4D4D-922E-C2ADD6F23990}.Debug|Any CPU.ActiveCfg = Debug|Any CPU
		{F4102FF6-46B3-4D4D-922E-C2ADD6F23990}.Debug|Any CPU.Build.0 = Debug|Any CPU
		{F4102FF6-46B3-4D4D-922E-C2ADD6F23990}.Release|Any CPU.ActiveCfg = Release|Any CPU
		{F4102FF6-46B3-4D4D-922E-C2ADD6F23990}.Release|Any CPU.Build.0 = Release|Any CPU
		{D2C78BC8-98E5-4BB9-8464-50B754932EFF}.Debug|Any CPU.ActiveCfg = Debug|Any CPU
		{D2C78BC8-98E5-4BB9-8464-50B754932EFF}.Debug|Any CPU.Build.0 = Debug|Any CPU
		{D2C78BC8-98E5-4BB9-8464-50B754932EFF}.Release|Any CPU.ActiveCfg = Release|Any CPU
		{D2C78BC8-98E5-4BB9-8464-50B754932EFF}.Release|Any CPU.Build.0 = Release|Any CPU
		{F7F7175F-1E90-4D74-A9DE-CE9C39BFDFC9}.Debug|Any CPU.ActiveCfg = Debug|Any CPU
		{F7F7175F-1E90-4D74-A9DE-CE9C39BFDFC9}.Debug|Any CPU.Build.0 = Debug|Any CPU
		{F7F7175F-1E90-4D74-A9DE-CE9C39BFDFC9}.Release|Any CPU.ActiveCfg = Release|Any CPU
		{F7F7175F-1E90-4D74-A9DE-CE9C39BFDFC9}.Release|Any CPU.Build.0 = Release|Any CPU
		{B046ED85-5E83-4C62-9871-AA335F570652}.Debug|Any CPU.ActiveCfg = Debug|Any CPU
		{B046ED85-5E83-4C62-9871-AA335F570652}.Debug|Any CPU.Build.0 = Debug|Any CPU
		{B046ED85-5E83-4C62-9871-AA335F570652}.Release|Any CPU.ActiveCfg = Release|Any CPU
		{B046ED85-5E83-4C62-9871-AA335F570652}.Release|Any CPU.Build.0 = Release|Any CPU
		{7CAB955F-E2FA-40BA-9E58-BA3E3FF19649}.Debug|Any CPU.ActiveCfg = Debug|Any CPU
		{7CAB955F-E2FA-40BA-9E58-BA3E3FF19649}.Debug|Any CPU.Build.0 = Debug|Any CPU
		{7CAB955F-E2FA-40BA-9E58-BA3E3FF19649}.Release|Any CPU.ActiveCfg = Release|Any CPU
		{7CAB955F-E2FA-40BA-9E58-BA3E3FF19649}.Release|Any CPU.Build.0 = Release|Any CPU
		{4A7D058E-0798-4643-9EDA-D9D633BDA144}.Debug|Any CPU.ActiveCfg = Debug|Any CPU
		{4A7D058E-0798-4643-9EDA-D9D633BDA144}.Debug|Any CPU.Build.0 = Debug|Any CPU
		{4A7D058E-0798-4643-9EDA-D9D633BDA144}.Release|Any CPU.ActiveCfg = Release|Any CPU
		{4A7D058E-0798-4643-9EDA-D9D633BDA144}.Release|Any CPU.Build.0 = Release|Any CPU
	EndGlobalSection
	GlobalSection(SolutionProperties) = preSolution
		HideSolutionNode = FALSE
	EndGlobalSection
	GlobalSection(NestedProjects) = preSolution
		{3F975FEE-0EB2-4832-8647-8622A9D08D50} = {3F1A2EC0-C3E3-481D-B6A8-73B279A3F5C0}
		{43D78A94-C1ED-49E8-BD0F-79A727920B02} = {4F572B2E-ECEB-4B1A-B8EF-7C9DAB614DCA}
		{302E5395-B719-47DD-AE49-B696F39E7967} = {8D450C25-667A-4058-8FAA-D7468B309A17}
		{22B89B31-68B0-48AC-BB98-A215E2D6B7AE} = {2B69A6FF-FF0F-40F1-AF80-B502F9513507}
		{FD2CF057-FD93-4D5C-A322-82859C9E9CFD} = {14089CDE-BF4A-48E7-9346-927128132978}
		{7EA0B506-CFE4-4C45-8DC0-72D3A5CCF0A6} = {14089CDE-BF4A-48E7-9346-927128132978}
		{320EBB26-2866-4CFB-97CD-4CE997812A27} = {4F572B2E-ECEB-4B1A-B8EF-7C9DAB614DCA}
		{E568CA28-997E-4F05-90D8-45178A2A1119} = {8D450C25-667A-4058-8FAA-D7468B309A17}
		{2B69A6FF-FF0F-40F1-AF80-B502F9513507} = {8D450C25-667A-4058-8FAA-D7468B309A17}
		{920DF124-E00E-40CD-BE9B-C6FB21297A6A} = {302E5395-B719-47DD-AE49-B696F39E7967}
		{3F1A2EC0-C3E3-481D-B6A8-73B279A3F5C0} = {302E5395-B719-47DD-AE49-B696F39E7967}
		{CA8D4F6C-37E9-4776-9292-0FF9FA8DB7DF} = {920DF124-E00E-40CD-BE9B-C6FB21297A6A}
		{606CC5AA-03E5-4151-B72E-FA2CCC96763D} = {FD2CF057-FD93-4D5C-A322-82859C9E9CFD}
		{731B9284-C860-4C2E-9C7A-133E1CE74D2B} = {3F1A2EC0-C3E3-481D-B6A8-73B279A3F5C0}
		{781080A8-09BD-448E-96FA-4E392129C8F3} = {7EA0B506-CFE4-4C45-8DC0-72D3A5CCF0A6}
		{6A64C2B4-2135-4959-A9BE-CAF9873C5672} = {0E46323A-E30E-40AE-AF92-8E258B33DA02}
		{F4102FF6-46B3-4D4D-922E-C2ADD6F23990} = {0E46323A-E30E-40AE-AF92-8E258B33DA02}
		{D2C78BC8-98E5-4BB9-8464-50B754932EFF} = {7EA0B506-CFE4-4C45-8DC0-72D3A5CCF0A6}
		{F7F7175F-1E90-4D74-A9DE-CE9C39BFDFC9} = {7EA0B506-CFE4-4C45-8DC0-72D3A5CCF0A6}
		{B046ED85-5E83-4C62-9871-AA335F570652} = {3F1A2EC0-C3E3-481D-B6A8-73B279A3F5C0}
		{7CAB955F-E2FA-40BA-9E58-BA3E3FF19649} = {7EA0B506-CFE4-4C45-8DC0-72D3A5CCF0A6}
		{4A7D058E-0798-4643-9EDA-D9D633BDA144} = {FD2CF057-FD93-4D5C-A322-82859C9E9CFD}
	EndGlobalSection
	GlobalSection(ExtensibilityGlobals) = postSolution
		SolutionGuid = {F50B7B1F-7E04-4DDD-8CCB-57659F088046}
	EndGlobalSection
EndGlobal
